
Microsoft Visual Studio Solution File, Format Version 12.00
# Visual Studio Version 16
VisualStudioVersion = 16.0.29102.190
MinimumVisualStudioVersion = 10.0.40219.1
Project("{FAE04EC0-301F-11D3-BF4B-00C04F79EFBC}") = "Praktikum1", "Praktikum1\Praktikum1.csproj", "{FAB2959B-C90A-484A-BB8D-BC8D5FEB354F}"
EndProject
Global
	GlobalSection(SolutionConfigurationPlatforms) = preSolution
		Debug|Any CPU = Debug|Any CPU
		Release|Any CPU = Release|Any CPU
	EndGlobalSection
	GlobalSection(ProjectConfigurationPlatforms) = postSolution
		{FAB2959B-C90A-484A-BB8D-BC8D5FEB354F}.Debug|Any CPU.ActiveCfg = Debug|Any CPU
		{FAB2959B-C90A-484A-BB8D-BC8D5FEB354F}.Debug|Any CPU.Build.0 = Debug|Any CPU
		{FAB2959B-C90A-484A-BB8D-BC8D5FEB354F}.Release|Any CPU.ActiveCfg = Release|Any CPU
		{FAB2959B-C90A-484A-BB8D-BC8D5FEB354F}.Release|Any CPU.Build.0 = Release|Any CPU
	EndGlobalSection
	GlobalSection(SolutionProperties) = preSolution
		HideSolutionNode = FALSE
	EndGlobalSection
	GlobalSection(ExtensibilityGlobals) = postSolution
		SolutionGuid = {29F6E3A8-EBEA-4062-868B-1B8787DE3ADA}
	EndGlobalSection
EndGlobal
